
Microsoft Visual Studio Solution File, Format Version 12.00
# Visual Studio Version 17
VisualStudioVersion = 17.10.35122.118
MinimumVisualStudioVersion = 10.0.40219.1
Project("{9A19103F-16F7-4668-BE54-9A1E7A4F7556}") = "XIVControllerToggle", "XIVControllerToggle.csproj", "{9DBA61B6-2623-4088-B374-828E006F3BD5}"
EndProject
Project("{FAE04EC0-301F-11D3-BF4B-00C04F79EFBC}") = "KeyInputTestProgram", "..\KeyInputTestProgram\KeyInputTestProgram.csproj", "{2857FF1C-89E1-44DB-9970-3426207CB157}"
EndProject
Project("{FAE04EC0-301F-11D3-BF4B-00C04F79EFBC}") = "KeyInputTestProgramCore", "..\KeyInputTestProgramCore\KeyInputTestProgramCore.csproj", "{795CECC6-B257-4838-94AA-AB2ECFFE9570}"
EndProject
Global
	GlobalSection(SolutionConfigurationPlatforms) = preSolution
		Debug|Any CPU = Debug|Any CPU
		Debug|x64 = Debug|x64
		Release|Any CPU = Release|Any CPU
		Release|x64 = Release|x64
	EndGlobalSection
	GlobalSection(ProjectConfigurationPlatforms) = postSolution
		{9DBA61B6-2623-4088-B374-828E006F3BD5}.Debug|Any CPU.ActiveCfg = Debug|x64
		{9DBA61B6-2623-4088-B374-828E006F3BD5}.Debug|Any CPU.Build.0 = Debug|x64
		{9DBA61B6-2623-4088-B374-828E006F3BD5}.Debug|x64.ActiveCfg = Debug|x64
		{9DBA61B6-2623-4088-B374-828E006F3BD5}.Debug|x64.Build.0 = Debug|x64
		{9DBA61B6-2623-4088-B374-828E006F3BD5}.Release|Any CPU.ActiveCfg = Release|x64
		{9DBA61B6-2623-4088-B374-828E006F3BD5}.Release|Any CPU.Build.0 = Release|x64
		{9DBA61B6-2623-4088-B374-828E006F3BD5}.Release|x64.ActiveCfg = Release|x64
		{9DBA61B6-2623-4088-B374-828E006F3BD5}.Release|x64.Build.0 = Release|x64
		{2857FF1C-89E1-44DB-9970-3426207CB157}.Debug|Any CPU.ActiveCfg = Debug|Any CPU
		{2857FF1C-89E1-44DB-9970-3426207CB157}.Debug|Any CPU.Build.0 = Debug|Any CPU
		{2857FF1C-89E1-44DB-9970-3426207CB157}.Debug|x64.ActiveCfg = Debug|Any CPU
		{2857FF1C-89E1-44DB-9970-3426207CB157}.Debug|x64.Build.0 = Debug|Any CPU
		{2857FF1C-89E1-44DB-9970-3426207CB157}.Release|Any CPU.ActiveCfg = Release|Any CPU
		{2857FF1C-89E1-44DB-9970-3426207CB157}.Release|Any CPU.Build.0 = Release|Any CPU
		{2857FF1C-89E1-44DB-9970-3426207CB157}.Release|x64.ActiveCfg = Release|Any CPU
		{2857FF1C-89E1-44DB-9970-3426207CB157}.Release|x64.Build.0 = Release|Any CPU
		{795CECC6-B257-4838-94AA-AB2ECFFE9570}.Debug|Any CPU.ActiveCfg = Debug|Any CPU
		{795CECC6-B257-4838-94AA-AB2ECFFE9570}.Debug|Any CPU.Build.0 = Debug|Any CPU
		{795CECC6-B257-4838-94AA-AB2ECFFE9570}.Debug|x64.ActiveCfg = Debug|Any CPU
		{795CECC6-B257-4838-94AA-AB2ECFFE9570}.Debug|x64.Build.0 = Debug|Any CPU
		{795CECC6-B257-4838-94AA-AB2ECFFE9570}.Release|Any CPU.ActiveCfg = Release|Any CPU
		{795CECC6-B257-4838-94AA-AB2ECFFE9570}.Release|Any CPU.Build.0 = Release|Any CPU
		{795CECC6-B257-4838-94AA-AB2ECFFE9570}.Release|x64.ActiveCfg = Release|Any CPU
		{795CECC6-B257-4838-94AA-AB2ECFFE9570}.Release|x64.Build.0 = Release|Any CPU
	EndGlobalSection
	GlobalSection(SolutionProperties) = preSolution
		HideSolutionNode = FALSE
	EndGlobalSection
	GlobalSection(ExtensibilityGlobals) = postSolution
		SolutionGuid = {01B6EFEA-6384-4A36-B059-338F415DED7E}
	EndGlobalSection
EndGlobal
